// !$*UTF8*$!
{
	archiveVersion = 1;
	classes = {
	};
	objectVersion = 50;
	objects = {

/* Begin PBXBuildFile section */
		A22DB34E2268612900FD825F /* AppDelegate.swift in Sources */ = {isa = PBXBuildFile; fileRef = A22DB34D2268612900FD825F /* AppDelegate.swift */; };
		A22DB3502268612900FD825F /* GameScene.sks in Resources */ = {isa = PBXBuildFile; fileRef = A22DB34F2268612900FD825F /* GameScene.sks */; };
		A22DB3542268612900FD825F /* GameScene.swift in Sources */ = {isa = PBXBuildFile; fileRef = A22DB3532268612900FD825F /* GameScene.swift */; };
		A22DB3562268612900FD825F /* GameViewController.swift in Sources */ = {isa = PBXBuildFile; fileRef = A22DB3552268612900FD825F /* GameViewController.swift */; };
		A22DB3592268612900FD825F /* Main.storyboard in Resources */ = {isa = PBXBuildFile; fileRef = A22DB3572268612900FD825F /* Main.storyboard */; };
		A22DB35B2268612D00FD825F /* Assets.xcassets in Resources */ = {isa = PBXBuildFile; fileRef = A22DB35A2268612D00FD825F /* Assets.xcassets */; };
		A22DB35E2268612D00FD825F /* LaunchScreen.storyboard in Resources */ = {isa = PBXBuildFile; fileRef = A22DB35C2268612D00FD825F /* LaunchScreen.storyboard */; };
		A22DB3672268700D00FD825F /* Platform5Across.sks in Resources */ = {isa = PBXBuildFile; fileRef = A22DB3662268700D00FD825F /* Platform5Across.sks */; };
		A22DB369226872C900FD825F /* CoinArrow.sks in Resources */ = {isa = PBXBuildFile; fileRef = A22DB368226872C900FD825F /* CoinArrow.sks */; };
		A22DB3772268772000FD825F /* SKColor+Extensions.swift in Sources */ = {isa = PBXBuildFile; fileRef = A22DB36B2268771F00FD825F /* SKColor+Extensions.swift */; };
		A22DB3782268772000FD825F /* CGVector+Extensions.swift in Sources */ = {isa = PBXBuildFile; fileRef = A22DB36C2268771F00FD825F /* CGVector+Extensions.swift */; };
		A22DB3792268772000FD825F /* Int+Extensions.swift in Sources */ = {isa = PBXBuildFile; fileRef = A22DB36D2268771F00FD825F /* Int+Extensions.swift */; };
		A22DB37A2268772000FD825F /* SKTTimingFunctions.swift in Sources */ = {isa = PBXBuildFile; fileRef = A22DB36E2268771F00FD825F /* SKTTimingFunctions.swift */; };
		A22DB37B2268772000FD825F /* SKAction+Extensions.swift in Sources */ = {isa = PBXBuildFile; fileRef = A22DB36F2268771F00FD825F /* SKAction+Extensions.swift */; };
		A22DB37C2268772000FD825F /* SKAction+SpecialEffects.swift in Sources */ = {isa = PBXBuildFile; fileRef = A22DB3702268771F00FD825F /* SKAction+SpecialEffects.swift */; };
		A22DB37D2268772000FD825F /* SKNode+Extensions.swift in Sources */ = {isa = PBXBuildFile; fileRef = A22DB3712268771F00FD825F /* SKNode+Extensions.swift */; };
		A22DB37E2268772000FD825F /* CGPoint+Extensions.swift in Sources */ = {isa = PBXBuildFile; fileRef = A22DB3722268771F00FD825F /* CGPoint+Extensions.swift */; };
		A22DB37F2268772000FD825F /* SKTEffects.swift in Sources */ = {isa = PBXBuildFile; fileRef = A22DB3732268771F00FD825F /* SKTEffects.swift */; };
		A22DB3802268772000FD825F /* SKTAudio.swift in Sources */ = {isa = PBXBuildFile; fileRef = A22DB3742268771F00FD825F /* SKTAudio.swift */; };
		A22DB3812268772000FD825F /* Vector3.swift in Sources */ = {isa = PBXBuildFile; fileRef = A22DB3752268771F00FD825F /* Vector3.swift */; };
		A22DB3822268772000FD825F /* CGFloat+Extensions.swift in Sources */ = {isa = PBXBuildFile; fileRef = A22DB3762268771F00FD825F /* CGFloat+Extensions.swift */; };
		A2793F682276D0A9008C8499 /* boost.wav in Resources */ = {isa = PBXBuildFile; fileRef = A2793F562276D08E008C8499 /* boost.wav */; };
		A2793F692276D0A9008C8499 /* bombDrop.wav in Resources */ = {isa = PBXBuildFile; fileRef = A2793F572276D08E008C8499 /* bombDrop.wav */; };
		A2793F6A2276D0A9008C8499 /* attribution.txt in Resources */ = {isa = PBXBuildFile; fileRef = A2793F582276D08E008C8499 /* attribution.txt */; };
		A2793F6B2276D0A9008C8499 /* jump.wav in Resources */ = {isa = PBXBuildFile; fileRef = A2793F592276D08E008C8499 /* jump.wav */; };
		A2793F6C2276D0A9008C8499 /* tickTock.wav in Resources */ = {isa = PBXBuildFile; fileRef = A2793F5A2276D08E008C8499 /* tickTock.wav */; };
		A2793F6D2276D0A9008C8499 /* bgMusic.mp3 in Resources */ = {isa = PBXBuildFile; fileRef = A2793F5B2276D08E008C8499 /* bgMusic.mp3 */; };
		A2793F6E2276D0A9008C8499 /* SpaceGame.caf in Resources */ = {isa = PBXBuildFile; fileRef = A2793F5C2276D08E008C8499 /* SpaceGame.caf */; };
		A2793F6F2276D0A9008C8499 /* nitro.wav in Resources */ = {isa = PBXBuildFile; fileRef = A2793F5D2276D08E008C8499 /* nitro.wav */; };
		A2793F702276D0A9008C8499 /* coin4.wav in Resources */ = {isa = PBXBuildFile; fileRef = A2793F5E2276D08E008C8499 /* coin4.wav */; };
		A2793F712276D0A9008C8499 /* explosion3.wav in Resources */ = {isa = PBXBuildFile; fileRef = A2793F5F2276D08E008C8499 /* explosion3.wav */; };
		A2793F722276D0A9008C8499 /* explosion2.wav in Resources */ = {isa = PBXBuildFile; fileRef = A2793F602276D08E008C8499 /* explosion2.wav */; };
		A2793F732276D0A9008C8499 /* brick.caf in Resources */ = {isa = PBXBuildFile; fileRef = A2793F612276D08E008C8499 /* brick.caf */; };
		A2793F742276D0A9008C8499 /* explosion1.wav in Resources */ = {isa = PBXBuildFile; fileRef = A2793F622276D08E008C8499 /* explosion1.wav */; };
		A2793F752276D0A9008C8499 /* explosion4.wav in Resources */ = {isa = PBXBuildFile; fileRef = A2793F632276D08E008C8499 /* explosion4.wav */; };
		A2793F762276D0A9008C8499 /* coin1.wav in Resources */ = {isa = PBXBuildFile; fileRef = A2793F642276D08E008C8499 /* coin1.wav */; };
		A2793F772276D0A9008C8499 /* DrownFireBug.mp3 in Resources */ = {isa = PBXBuildFile; fileRef = A2793F652276D08E008C8499 /* DrownFireBug.mp3 */; };
		A2793F782276D0A9008C8499 /* alarm.wav in Resources */ = {isa = PBXBuildFile; fileRef = A2793F662276D08E008C8499 /* alarm.wav */; };
		A2793F792276D0A9008C8499 /* player_die.wav in Resources */ = {isa = PBXBuildFile; fileRef = A2793F672276D08E008C8499 /* player_die.wav */; };
		A2793F7B2276DB63008C8499 /* Coin.sks in Resources */ = {isa = PBXBuildFile; fileRef = A2793F7A2276DB63008C8499 /* Coin.sks */; };
		A2E9BE3222730F4000F9CCAD /* Break5Across.sks in Resources */ = {isa = PBXBuildFile; fileRef = A2E9BE3122730F3F00F9CCAD /* Break5Across.sks */; };
		A2E9BE3422731AFF00F9CCAD /* BreakArrow.sks in Resources */ = {isa = PBXBuildFile; fileRef = A2E9BE3322731AFF00F9CCAD /* BreakArrow.sks */; };
		A2E9BE3622731B0B00F9CCAD /* BreakDiagonal.sks in Resources */ = {isa = PBXBuildFile; fileRef = A2E9BE3522731B0B00F9CCAD /* BreakDiagonal.sks */; };
		A2E9BE3822731B1500F9CCAD /* Coin5Across.sks in Resources */ = {isa = PBXBuildFile; fileRef = A2E9BE3722731B1500F9CCAD /* Coin5Across.sks */; };
		A2E9BE4122731B2600F9CCAD /* CoinCross.sks in Resources */ = {isa = PBXBuildFile; fileRef = A2E9BE3922731B2600F9CCAD /* CoinCross.sks */; };
		A2E9BE4222731B2600F9CCAD /* CoinS5Across.sks in Resources */ = {isa = PBXBuildFile; fileRef = A2E9BE3A22731B2600F9CCAD /* CoinS5Across.sks */; };
		A2E9BE4322731B2600F9CCAD /* CoinSArrow.sks in Resources */ = {isa = PBXBuildFile; fileRef = A2E9BE3B22731B2600F9CCAD /* CoinSArrow.sks */; };
		A2E9BE4422731B2600F9CCAD /* PlatformDiagonal.sks in Resources */ = {isa = PBXBuildFile; fileRef = A2E9BE3C22731B2600F9CCAD /* PlatformDiagonal.sks */; };
		A2E9BE4522731B2600F9CCAD /* CoinSCross.sks in Resources */ = {isa = PBXBuildFile; fileRef = A2E9BE3D22731B2600F9CCAD /* CoinSCross.sks */; };
		A2E9BE4622731B2600F9CCAD /* CoinDiagonal.sks in Resources */ = {isa = PBXBuildFile; fileRef = A2E9BE3E22731B2600F9CCAD /* CoinDiagonal.sks */; };
		A2E9BE4722731B2600F9CCAD /* PlatformArrow.sks in Resources */ = {isa = PBXBuildFile; fileRef = A2E9BE3F22731B2600F9CCAD /* PlatformArrow.sks */; };
		A2E9BE4822731B2600F9CCAD /* CoinSDiagonal.sks in Resources */ = {isa = PBXBuildFile; fileRef = A2E9BE4022731B2600F9CCAD /* CoinSDiagonal.sks */; };
		A2E9BE4A227400C800F9CCAD /* WaitingForTap.swift in Sources */ = {isa = PBXBuildFile; fileRef = A2E9BE49227400C800F9CCAD /* WaitingForTap.swift */; };
		A2E9BE4C2274056E00F9CCAD /* WaitingForBomb.swift in Sources */ = {isa = PBXBuildFile; fileRef = A2E9BE4B2274056E00F9CCAD /* WaitingForBomb.swift */; };
		A2E9BE4E22740A7900F9CCAD /* Playing.swift in Sources */ = {isa = PBXBuildFile; fileRef = A2E9BE4D22740A7900F9CCAD /* Playing.swift */; };
		A2E9BE5022741B1600F9CCAD /* GameOver.swift in Sources */ = {isa = PBXBuildFile; fileRef = A2E9BE4F22741B1600F9CCAD /* GameOver.swift */; };
		A2E9BE54227420CD00F9CCAD /* Idle.swift in Sources */ = {isa = PBXBuildFile; fileRef = A2E9BE53227420CD00F9CCAD /* Idle.swift */; };
		A2E9BE562274220200F9CCAD /* Jump.swift in Sources */ = {isa = PBXBuildFile; fileRef = A2E9BE552274220200F9CCAD /* Jump.swift */; };
		A2E9BE582274230E00F9CCAD /* Fall.swift in Sources */ = {isa = PBXBuildFile; fileRef = A2E9BE572274230E00F9CCAD /* Fall.swift */; };
		A2E9BE5A2274234600F9CCAD /* Lava.swift in Sources */ = {isa = PBXBuildFile; fileRef = A2E9BE592274234600F9CCAD /* Lava.swift */; };
		A2E9BE5C2274238400F9CCAD /* Dead.swift in Sources */ = {isa = PBXBuildFile; fileRef = A2E9BE5B2274238400F9CCAD /* Dead.swift */; };
		A2E9BE6022743FCA00F9CCAD /* Lava.sks in Resources */ = {isa = PBXBuildFile; fileRef = A2E9BE5E22743FCA00F9CCAD /* Lava.sks */; };
		A2E9BE6122743FCA00F9CCAD /* Assets.xcassets in Resources */ = {isa = PBXBuildFile; fileRef = A2E9BE5F22743FCA00F9CCAD /* Assets.xcassets */; };
		A2E9BE632274480A00F9CCAD /* SmokeTrail.sks in Resources */ = {isa = PBXBuildFile; fileRef = A2E9BE622274480A00F9CCAD /* SmokeTrail.sks */; };
		A2E9BE6822745A6E00F9CCAD /* PlayerTrail.sks in Resources */ = {isa = PBXBuildFile; fileRef = A2E9BE6422745A6E00F9CCAD /* PlayerTrail.sks */; };
		A2E9BE6922745A6E00F9CCAD /* BrokenPlatform.sks in Resources */ = {isa = PBXBuildFile; fileRef = A2E9BE6522745A6E00F9CCAD /* BrokenPlatform.sks */; };
		A2E9BE6A22745A6E00F9CCAD /* CollectSpecial.sks in Resources */ = {isa = PBXBuildFile; fileRef = A2E9BE6622745A6E00F9CCAD /* CollectSpecial.sks */; };
		A2E9BE6B22745A6E00F9CCAD /* CollectNormal.sks in Resources */ = {isa = PBXBuildFile; fileRef = A2E9BE6722745A6E00F9CCAD /* CollectNormal.sks */; };
/* End PBXBuildFile section */

/* Begin PBXFileReference section */
		A22DB34A2268612900FD825F /* DropCharge.app */ = {isa = PBXFileReference; explicitFileType = wrapper.application; includeInIndex = 0; path = DropCharge.app; sourceTree = BUILT_PRODUCTS_DIR; };
		A22DB34D2268612900FD825F /* AppDelegate.swift */ = {isa = PBXFileReference; lastKnownFileType = sourcecode.swift; path = AppDelegate.swift; sourceTree = "<group>"; };
		A22DB34F2268612900FD825F /* GameScene.sks */ = {isa = PBXFileReference; lastKnownFileType = file.sks; path = GameScene.sks; sourceTree = "<group>"; };
		A22DB3532268612900FD825F /* GameScene.swift */ = {isa = PBXFileReference; lastKnownFileType = sourcecode.swift; path = GameScene.swift; sourceTree = "<group>"; };
		A22DB3552268612900FD825F /* GameViewController.swift */ = {isa = PBXFileReference; lastKnownFileType = sourcecode.swift; path = GameViewController.swift; sourceTree = "<group>"; };
		A22DB3582268612900FD825F /* Base */ = {isa = PBXFileReference; lastKnownFileType = file.storyboard; name = Base; path = Base.lproj/Main.storyboard; sourceTree = "<group>"; };
		A22DB35A2268612D00FD825F /* Assets.xcassets */ = {isa = PBXFileReference; lastKnownFileType = folder.assetcatalog; path = Assets.xcassets; sourceTree = "<group>"; };
		A22DB35D2268612D00FD825F /* Base */ = {isa = PBXFileReference; lastKnownFileType = file.storyboard; name = Base; path = Base.lproj/LaunchScreen.storyboard; sourceTree = "<group>"; };
		A22DB35F2268612D00FD825F /* Info.plist */ = {isa = PBXFileReference; lastKnownFileType = text.plist.xml; path = Info.plist; sourceTree = "<group>"; };
		A22DB3662268700D00FD825F /* Platform5Across.sks */ = {isa = PBXFileReference; lastKnownFileType = file.sks; path = Platform5Across.sks; sourceTree = "<group>"; };
		A22DB368226872C900FD825F /* CoinArrow.sks */ = {isa = PBXFileReference; lastKnownFileType = file.sks; path = CoinArrow.sks; sourceTree = "<group>"; };
		A22DB36B2268771F00FD825F /* SKColor+Extensions.swift */ = {isa = PBXFileReference; fileEncoding = 4; lastKnownFileType = sourcecode.swift; path = "SKColor+Extensions.swift"; sourceTree = "<group>"; };
		A22DB36C2268771F00FD825F /* CGVector+Extensions.swift */ = {isa = PBXFileReference; fileEncoding = 4; lastKnownFileType = sourcecode.swift; path = "CGVector+Extensions.swift"; sourceTree = "<group>"; };
		A22DB36D2268771F00FD825F /* Int+Extensions.swift */ = {isa = PBXFileReference; fileEncoding = 4; lastKnownFileType = sourcecode.swift; path = "Int+Extensions.swift"; sourceTree = "<group>"; };
		A22DB36E2268771F00FD825F /* SKTTimingFunctions.swift */ = {isa = PBXFileReference; fileEncoding = 4; lastKnownFileType = sourcecode.swift; path = SKTTimingFunctions.swift; sourceTree = "<group>"; };
		A22DB36F2268771F00FD825F /* SKAction+Extensions.swift */ = {isa = PBXFileReference; fileEncoding = 4; lastKnownFileType = sourcecode.swift; path = "SKAction+Extensions.swift"; sourceTree = "<group>"; };
		A22DB3702268771F00FD825F /* SKAction+SpecialEffects.swift */ = {isa = PBXFileReference; fileEncoding = 4; lastKnownFileType = sourcecode.swift; path = "SKAction+SpecialEffects.swift"; sourceTree = "<group>"; };
		A22DB3712268771F00FD825F /* SKNode+Extensions.swift */ = {isa = PBXFileReference; fileEncoding = 4; lastKnownFileType = sourcecode.swift; path = "SKNode+Extensions.swift"; sourceTree = "<group>"; };
		A22DB3722268771F00FD825F /* CGPoint+Extensions.swift */ = {isa = PBXFileReference; fileEncoding = 4; lastKnownFileType = sourcecode.swift; path = "CGPoint+Extensions.swift"; sourceTree = "<group>"; };
		A22DB3732268771F00FD825F /* SKTEffects.swift */ = {isa = PBXFileReference; fileEncoding = 4; lastKnownFileType = sourcecode.swift; path = SKTEffects.swift; sourceTree = "<group>"; };
		A22DB3742268771F00FD825F /* SKTAudio.swift */ = {isa = PBXFileReference; fileEncoding = 4; lastKnownFileType = sourcecode.swift; path = SKTAudio.swift; sourceTree = "<group>"; };
		A22DB3752268771F00FD825F /* Vector3.swift */ = {isa = PBXFileReference; fileEncoding = 4; lastKnownFileType = sourcecode.swift; path = Vector3.swift; sourceTree = "<group>"; };
		A22DB3762268771F00FD825F /* CGFloat+Extensions.swift */ = {isa = PBXFileReference; fileEncoding = 4; lastKnownFileType = sourcecode.swift; path = "CGFloat+Extensions.swift"; sourceTree = "<group>"; };
		A2793F562276D08E008C8499 /* boost.wav */ = {isa = PBXFileReference; lastKnownFileType = audio.wav; path = boost.wav; sourceTree = "<group>"; };
		A2793F572276D08E008C8499 /* bombDrop.wav */ = {isa = PBXFileReference; lastKnownFileType = audio.wav; path = bombDrop.wav; sourceTree = "<group>"; };
		A2793F582276D08E008C8499 /* attribution.txt */ = {isa = PBXFileReference; lastKnownFileType = text; path = attribution.txt; sourceTree = "<group>"; };
		A2793F592276D08E008C8499 /* jump.wav */ = {isa = PBXFileReference; lastKnownFileType = audio.wav; path = jump.wav; sourceTree = "<group>"; };
		A2793F5A2276D08E008C8499 /* tickTock.wav */ = {isa = PBXFileReference; lastKnownFileType = audio.wav; path = tickTock.wav; sourceTree = "<group>"; };
		A2793F5B2276D08E008C8499 /* bgMusic.mp3 */ = {isa = PBXFileReference; lastKnownFileType = audio.mp3; path = bgMusic.mp3; sourceTree = "<group>"; };
		A2793F5C2276D08E008C8499 /* SpaceGame.caf */ = {isa = PBXFileReference; lastKnownFileType = file; path = SpaceGame.caf; sourceTree = "<group>"; };
		A2793F5D2276D08E008C8499 /* nitro.wav */ = {isa = PBXFileReference; lastKnownFileType = audio.wav; path = nitro.wav; sourceTree = "<group>"; };
		A2793F5E2276D08E008C8499 /* coin4.wav */ = {isa = PBXFileReference; lastKnownFileType = audio.wav; path = coin4.wav; sourceTree = "<group>"; };
		A2793F5F2276D08E008C8499 /* explosion3.wav */ = {isa = PBXFileReference; lastKnownFileType = audio.wav; path = explosion3.wav; sourceTree = "<group>"; };
		A2793F602276D08E008C8499 /* explosion2.wav */ = {isa = PBXFileReference; lastKnownFileType = audio.wav; path = explosion2.wav; sourceTree = "<group>"; };
		A2793F612276D08E008C8499 /* brick.caf */ = {isa = PBXFileReference; lastKnownFileType = file; path = brick.caf; sourceTree = "<group>"; };
		A2793F622276D08E008C8499 /* explosion1.wav */ = {isa = PBXFileReference; lastKnownFileType = audio.wav; path = explosion1.wav; sourceTree = "<group>"; };
		A2793F632276D08E008C8499 /* explosion4.wav */ = {isa = PBXFileReference; lastKnownFileType = audio.wav; path = explosion4.wav; sourceTree = "<group>"; };
		A2793F642276D08E008C8499 /* coin1.wav */ = {isa = PBXFileReference; lastKnownFileType = audio.wav; path = coin1.wav; sourceTree = "<group>"; };
		A2793F652276D08E008C8499 /* DrownFireBug.mp3 */ = {isa = PBXFileReference; lastKnownFileType = audio.mp3; path = DrownFireBug.mp3; sourceTree = "<group>"; };
		A2793F662276D08E008C8499 /* alarm.wav */ = {isa = PBXFileReference; lastKnownFileType = audio.wav; path = alarm.wav; sourceTree = "<group>"; };
		A2793F672276D08E008C8499 /* player_die.wav */ = {isa = PBXFileReference; lastKnownFileType = audio.wav; path = player_die.wav; sourceTree = "<group>"; };
		A2793F7A2276DB63008C8499 /* Coin.sks */ = {isa = PBXFileReference; lastKnownFileType = file.sks; path = Coin.sks; sourceTree = "<group>"; };
		A2E9BE3122730F3F00F9CCAD /* Break5Across.sks */ = {isa = PBXFileReference; lastKnownFileType = file.sks; path = Break5Across.sks; sourceTree = "<group>"; };
		A2E9BE3322731AFF00F9CCAD /* BreakArrow.sks */ = {isa = PBXFileReference; lastKnownFileType = file.sks; path = BreakArrow.sks; sourceTree = "<group>"; };
		A2E9BE3522731B0B00F9CCAD /* BreakDiagonal.sks */ = {isa = PBXFileReference; lastKnownFileType = file.sks; path = BreakDiagonal.sks; sourceTree = "<group>"; };
		A2E9BE3722731B1500F9CCAD /* Coin5Across.sks */ = {isa = PBXFileReference; lastKnownFileType = file.sks; path = Coin5Across.sks; sourceTree = "<group>"; };
		A2E9BE3922731B2600F9CCAD /* CoinCross.sks */ = {isa = PBXFileReference; lastKnownFileType = file.sks; path = CoinCross.sks; sourceTree = "<group>"; };
		A2E9BE3A22731B2600F9CCAD /* CoinS5Across.sks */ = {isa = PBXFileReference; lastKnownFileType = file.sks; path = CoinS5Across.sks; sourceTree = "<group>"; };
		A2E9BE3B22731B2600F9CCAD /* CoinSArrow.sks */ = {isa = PBXFileReference; lastKnownFileType = file.sks; path = CoinSArrow.sks; sourceTree = "<group>"; };
		A2E9BE3C22731B2600F9CCAD /* PlatformDiagonal.sks */ = {isa = PBXFileReference; lastKnownFileType = file.sks; path = PlatformDiagonal.sks; sourceTree = "<group>"; };
		A2E9BE3D22731B2600F9CCAD /* CoinSCross.sks */ = {isa = PBXFileReference; lastKnownFileType = file.sks; path = CoinSCross.sks; sourceTree = "<group>"; };
		A2E9BE3E22731B2600F9CCAD /* CoinDiagonal.sks */ = {isa = PBXFileReference; lastKnownFileType = file.sks; path = CoinDiagonal.sks; sourceTree = "<group>"; };
		A2E9BE3F22731B2600F9CCAD /* PlatformArrow.sks */ = {isa = PBXFileReference; lastKnownFileType = file.sks; path = PlatformArrow.sks; sourceTree = "<group>"; };
		A2E9BE4022731B2600F9CCAD /* CoinSDiagonal.sks */ = {isa = PBXFileReference; lastKnownFileType = file.sks; path = CoinSDiagonal.sks; sourceTree = "<group>"; };
		A2E9BE49227400C800F9CCAD /* WaitingForTap.swift */ = {isa = PBXFileReference; lastKnownFileType = sourcecode.swift; path = WaitingForTap.swift; sourceTree = "<group>"; };
		A2E9BE4B2274056E00F9CCAD /* WaitingForBomb.swift */ = {isa = PBXFileReference; lastKnownFileType = sourcecode.swift; path = WaitingForBomb.swift; sourceTree = "<group>"; };
		A2E9BE4D22740A7900F9CCAD /* Playing.swift */ = {isa = PBXFileReference; lastKnownFileType = sourcecode.swift; path = Playing.swift; sourceTree = "<group>"; };
		A2E9BE4F22741B1600F9CCAD /* GameOver.swift */ = {isa = PBXFileReference; lastKnownFileType = sourcecode.swift; path = GameOver.swift; sourceTree = "<group>"; };
		A2E9BE53227420CD00F9CCAD /* Idle.swift */ = {isa = PBXFileReference; lastKnownFileType = sourcecode.swift; path = Idle.swift; sourceTree = "<group>"; };
		A2E9BE552274220200F9CCAD /* Jump.swift */ = {isa = PBXFileReference; lastKnownFileType = sourcecode.swift; path = Jump.swift; sourceTree = "<group>"; };
		A2E9BE572274230E00F9CCAD /* Fall.swift */ = {isa = PBXFileReference; lastKnownFileType = sourcecode.swift; path = Fall.swift; sourceTree = "<group>"; };
		A2E9BE592274234600F9CCAD /* Lava.swift */ = {isa = PBXFileReference; lastKnownFileType = sourcecode.swift; path = Lava.swift; sourceTree = "<group>"; };
		A2E9BE5B2274238400F9CCAD /* Dead.swift */ = {isa = PBXFileReference; lastKnownFileType = sourcecode.swift; path = Dead.swift; sourceTree = "<group>"; };
		A2E9BE5E22743FCA00F9CCAD /* Lava.sks */ = {isa = PBXFileReference; lastKnownFileType = file.sks; path = Lava.sks; sourceTree = "<group>"; };
		A2E9BE5F22743FCA00F9CCAD /* Assets.xcassets */ = {isa = PBXFileReference; lastKnownFileType = folder.assetcatalog; path = Assets.xcassets; sourceTree = "<group>"; };
		A2E9BE622274480A00F9CCAD /* SmokeTrail.sks */ = {isa = PBXFileReference; lastKnownFileType = file.sks; path = SmokeTrail.sks; sourceTree = "<group>"; };
		A2E9BE6422745A6E00F9CCAD /* PlayerTrail.sks */ = {isa = PBXFileReference; lastKnownFileType = file.sks; path = PlayerTrail.sks; sourceTree = "<group>"; };
		A2E9BE6522745A6E00F9CCAD /* BrokenPlatform.sks */ = {isa = PBXFileReference; lastKnownFileType = file.sks; path = BrokenPlatform.sks; sourceTree = "<group>"; };
		A2E9BE6622745A6E00F9CCAD /* CollectSpecial.sks */ = {isa = PBXFileReference; lastKnownFileType = file.sks; path = CollectSpecial.sks; sourceTree = "<group>"; };
		A2E9BE6722745A6E00F9CCAD /* CollectNormal.sks */ = {isa = PBXFileReference; lastKnownFileType = file.sks; path = CollectNormal.sks; sourceTree = "<group>"; };
/* End PBXFileReference section */

/* Begin PBXFrameworksBuildPhase section */
		A22DB3472268612900FD825F /* Frameworks */ = {
			isa = PBXFrameworksBuildPhase;
			buildActionMask = 2147483647;
			files = (
			);
			runOnlyForDeploymentPostprocessing = 0;
		};
/* End PBXFrameworksBuildPhase section */

/* Begin PBXGroup section */
		A22DB3412268612900FD825F = {
			isa = PBXGroup;
			children = (
				A22DB34C2268612900FD825F /* DropCharge */,
				A22DB34B2268612900FD825F /* Products */,
			);
			sourceTree = "<group>";
		};
		A22DB34B2268612900FD825F /* Products */ = {
			isa = PBXGroup;
			children = (
				A22DB34A2268612900FD825F /* DropCharge.app */,
			);
			name = Products;
			sourceTree = "<group>";
		};
		A22DB34C2268612900FD825F /* DropCharge */ = {
			isa = PBXGroup;
			children = (
				A2793F552276D08E008C8499 /* sounds */,
				A2E9BE5D22743F4D00F9CCAD /* Particles */,
				A2E9BE52227420B200F9CCAD /* Player States */,
				A2E9BE512274208F00F9CCAD /* Game States */,
				A22DB36A2268771F00FD825F /* SKTUtils */,
				A22DB36522686FC900FD825F /* Scene Files */,
				A22DB34D2268612900FD825F /* AppDelegate.swift */,
				A22DB3532268612900FD825F /* GameScene.swift */,
				A22DB3552268612900FD825F /* GameViewController.swift */,
				A22DB3572268612900FD825F /* Main.storyboard */,
				A22DB35A2268612D00FD825F /* Assets.xcassets */,
				A22DB35C2268612D00FD825F /* LaunchScreen.storyboard */,
				A22DB35F2268612D00FD825F /* Info.plist */,
			);
			path = DropCharge;
			sourceTree = "<group>";
		};
		A22DB36522686FC900FD825F /* Scene Files */ = {
			isa = PBXGroup;
			children = (
				A2793F7A2276DB63008C8499 /* Coin.sks */,
				A2E9BE3322731AFF00F9CCAD /* BreakArrow.sks */,
				A2E9BE3122730F3F00F9CCAD /* Break5Across.sks */,
				A2E9BE3922731B2600F9CCAD /* CoinCross.sks */,
				A2E9BE3E22731B2600F9CCAD /* CoinDiagonal.sks */,
				A2E9BE3A22731B2600F9CCAD /* CoinS5Across.sks */,
				A2E9BE3B22731B2600F9CCAD /* CoinSArrow.sks */,
				A2E9BE3D22731B2600F9CCAD /* CoinSCross.sks */,
				A2E9BE4022731B2600F9CCAD /* CoinSDiagonal.sks */,
				A2E9BE3F22731B2600F9CCAD /* PlatformArrow.sks */,
				A2E9BE3C22731B2600F9CCAD /* PlatformDiagonal.sks */,
				A2E9BE3522731B0B00F9CCAD /* BreakDiagonal.sks */,
				A22DB34F2268612900FD825F /* GameScene.sks */,
				A2E9BE3722731B1500F9CCAD /* Coin5Across.sks */,
				A22DB3662268700D00FD825F /* Platform5Across.sks */,
				A22DB368226872C900FD825F /* CoinArrow.sks */,
			);
			path = "Scene Files";
			sourceTree = "<group>";
		};
		A22DB36A2268771F00FD825F /* SKTUtils */ = {
			isa = PBXGroup;
			children = (
				A22DB36B2268771F00FD825F /* SKColor+Extensions.swift */,
				A22DB36C2268771F00FD825F /* CGVector+Extensions.swift */,
				A22DB36D2268771F00FD825F /* Int+Extensions.swift */,
				A22DB36E2268771F00FD825F /* SKTTimingFunctions.swift */,
				A22DB36F2268771F00FD825F /* SKAction+Extensions.swift */,
				A22DB3702268771F00FD825F /* SKAction+SpecialEffects.swift */,
				A22DB3712268771F00FD825F /* SKNode+Extensions.swift */,
				A22DB3722268771F00FD825F /* CGPoint+Extensions.swift */,
				A22DB3732268771F00FD825F /* SKTEffects.swift */,
				A22DB3742268771F00FD825F /* SKTAudio.swift */,
				A22DB3752268771F00FD825F /* Vector3.swift */,
				A22DB3762268771F00FD825F /* CGFloat+Extensions.swift */,
			);
			path = SKTUtils;
			sourceTree = "<group>";
		};
		A2793F552276D08E008C8499 /* sounds */ = {
			isa = PBXGroup;
			children = (
				A2793F562276D08E008C8499 /* boost.wav */,
				A2793F572276D08E008C8499 /* bombDrop.wav */,
				A2793F582276D08E008C8499 /* attribution.txt */,
				A2793F592276D08E008C8499 /* jump.wav */,
				A2793F5A2276D08E008C8499 /* tickTock.wav */,
				A2793F5B2276D08E008C8499 /* bgMusic.mp3 */,
				A2793F5C2276D08E008C8499 /* SpaceGame.caf */,
				A2793F5D2276D08E008C8499 /* nitro.wav */,
				A2793F5E2276D08E008C8499 /* coin4.wav */,
				A2793F5F2276D08E008C8499 /* explosion3.wav */,
				A2793F602276D08E008C8499 /* explosion2.wav */,
				A2793F612276D08E008C8499 /* brick.caf */,
				A2793F622276D08E008C8499 /* explosion1.wav */,
				A2793F632276D08E008C8499 /* explosion4.wav */,
				A2793F642276D08E008C8499 /* coin1.wav */,
				A2793F652276D08E008C8499 /* DrownFireBug.mp3 */,
				A2793F662276D08E008C8499 /* alarm.wav */,
				A2793F672276D08E008C8499 /* player_die.wav */,
			);
			path = sounds;
			sourceTree = "<group>";
		};
		A2E9BE512274208F00F9CCAD /* Game States */ = {
			isa = PBXGroup;
			children = (
				A2E9BE49227400C800F9CCAD /* WaitingForTap.swift */,
				A2E9BE4B2274056E00F9CCAD /* WaitingForBomb.swift */,
				A2E9BE4D22740A7900F9CCAD /* Playing.swift */,
				A2E9BE4F22741B1600F9CCAD /* GameOver.swift */,
			);
			path = "Game States";
			sourceTree = "<group>";
		};
		A2E9BE52227420B200F9CCAD /* Player States */ = {
			isa = PBXGroup;
			children = (
				A2E9BE53227420CD00F9CCAD /* Idle.swift */,
				A2E9BE552274220200F9CCAD /* Jump.swift */,
				A2E9BE572274230E00F9CCAD /* Fall.swift */,
				A2E9BE592274234600F9CCAD /* Lava.swift */,
				A2E9BE5B2274238400F9CCAD /* Dead.swift */,
			);
			path = "Player States";
			sourceTree = "<group>";
		};
		A2E9BE5D22743F4D00F9CCAD /* Particles */ = {
			isa = PBXGroup;
			children = (
				A2E9BE6522745A6E00F9CCAD /* BrokenPlatform.sks */,
				A2E9BE6722745A6E00F9CCAD /* CollectNormal.sks */,
				A2E9BE6622745A6E00F9CCAD /* CollectSpecial.sks */,
				A2E9BE6422745A6E00F9CCAD /* PlayerTrail.sks */,
				A2E9BE5E22743FCA00F9CCAD /* Lava.sks */,
				A2E9BE5F22743FCA00F9CCAD /* Assets.xcassets */,
				A2E9BE622274480A00F9CCAD /* SmokeTrail.sks */,
			);
			path = Particles;
			sourceTree = "<group>";
		};
/* End PBXGroup section */

/* Begin PBXNativeTarget section */
		A22DB3492268612900FD825F /* DropCharge */ = {
			isa = PBXNativeTarget;
			buildConfigurationList = A22DB3622268612D00FD825F /* Build configuration list for PBXNativeTarget "DropCharge" */;
			buildPhases = (
				A22DB3462268612900FD825F /* Sources */,
				A22DB3472268612900FD825F /* Frameworks */,
				A22DB3482268612900FD825F /* Resources */,
			);
			buildRules = (
			);
			dependencies = (
			);
			name = DropCharge;
			productName = DropCharge;
			productReference = A22DB34A2268612900FD825F /* DropCharge.app */;
			productType = "com.apple.product-type.application";
		};
/* End PBXNativeTarget section */

/* Begin PBXProject section */
		A22DB3422268612900FD825F /* Project object */ = {
			isa = PBXProject;
			attributes = {
				LastSwiftUpdateCheck = 1020;
				LastUpgradeCheck = 1020;
				ORGANIZATIONNAME = Sprite;
				TargetAttributes = {
					A22DB3492268612900FD825F = {
						CreatedOnToolsVersion = 10.2;
					};
				};
			};
			buildConfigurationList = A22DB3452268612900FD825F /* Build configuration list for PBXProject "DropCharge" */;
			compatibilityVersion = "Xcode 9.3";
			developmentRegion = en;
			hasScannedForEncodings = 0;
			knownRegions = (
				en,
				Base,
			);
			mainGroup = A22DB3412268612900FD825F;
			productRefGroup = A22DB34B2268612900FD825F /* Products */;
			projectDirPath = "";
			projectRoot = "";
			targets = (
				A22DB3492268612900FD825F /* DropCharge */,
			);
		};
/* End PBXProject section */

/* Begin PBXResourcesBuildPhase section */
		A22DB3482268612900FD825F /* Resources */ = {
			isa = PBXResourcesBuildPhase;
			buildActionMask = 2147483647;
			files = (
				A2793F682276D0A9008C8499 /* boost.wav in Resources */,
				A2793F692276D0A9008C8499 /* bombDrop.wav in Resources */,
				A2793F6A2276D0A9008C8499 /* attribution.txt in Resources */,
				A2793F6B2276D0A9008C8499 /* jump.wav in Resources */,
				A2793F6C2276D0A9008C8499 /* tickTock.wav in Resources */,
				A2793F6D2276D0A9008C8499 /* bgMusic.mp3 in Resources */,
				A2793F6E2276D0A9008C8499 /* SpaceGame.caf in Resources */,
				A2793F6F2276D0A9008C8499 /* nitro.wav in Resources */,
				A2793F702276D0A9008C8499 /* coin4.wav in Resources */,
				A2793F712276D0A9008C8499 /* explosion3.wav in Resources */,
				A2793F722276D0A9008C8499 /* explosion2.wav in Resources */,
				A2793F732276D0A9008C8499 /* brick.caf in Resources */,
				A2793F742276D0A9008C8499 /* explosion1.wav in Resources */,
				A2793F752276D0A9008C8499 /* explosion4.wav in Resources */,
				A2793F762276D0A9008C8499 /* coin1.wav in Resources */,
				A2793F772276D0A9008C8499 /* DrownFireBug.mp3 in Resources */,
				A2793F782276D0A9008C8499 /* alarm.wav in Resources */,
				A2793F792276D0A9008C8499 /* player_die.wav in Resources */,
				A2E9BE4522731B2600F9CCAD /* CoinSCross.sks in Resources */,
				A22DB369226872C900FD825F /* CoinArrow.sks in Resources */,
				A2E9BE4422731B2600F9CCAD /* PlatformDiagonal.sks in Resources */,
				A2E9BE4822731B2600F9CCAD /* CoinSDiagonal.sks in Resources */,
				A2E9BE4122731B2600F9CCAD /* CoinCross.sks in Resources */,
				A22DB3592268612900FD825F /* Main.storyboard in Resources */,
				A22DB3502268612900FD825F /* GameScene.sks in Resources */,
				A2E9BE6822745A6E00F9CCAD /* PlayerTrail.sks in Resources */,
				A2E9BE4722731B2600F9CCAD /* PlatformArrow.sks in Resources */,
				A22DB35B2268612D00FD825F /* Assets.xcassets in Resources */,
				A2E9BE6922745A6E00F9CCAD /* BrokenPlatform.sks in Resources */,
				A2E9BE632274480A00F9CCAD /* SmokeTrail.sks in Resources */,
				A2E9BE6B22745A6E00F9CCAD /* CollectNormal.sks in Resources */,
				A2793F7B2276DB63008C8499 /* Coin.sks in Resources */,
				A2E9BE4622731B2600F9CCAD /* CoinDiagonal.sks in Resources */,
				A22DB35E2268612D00FD825F /* LaunchScreen.storyboard in Resources */,
				A2E9BE4322731B2600F9CCAD /* CoinSArrow.sks in Resources */,
				A2E9BE3422731AFF00F9CCAD /* BreakArrow.sks in Resources */,
				A2E9BE6A22745A6E00F9CCAD /* CollectSpecial.sks in Resources */,
				A2E9BE3222730F4000F9CCAD /* Break5Across.sks in Resources */,
				A2E9BE6122743FCA00F9CCAD /* Assets.xcassets in Resources */,
				A2E9BE3822731B1500F9CCAD /* Coin5Across.sks in Resources */,
				A2E9BE3622731B0B00F9CCAD /* BreakDiagonal.sks in Resources */,
				A22DB3672268700D00FD825F /* Platform5Across.sks in Resources */,
				A2E9BE4222731B2600F9CCAD /* CoinS5Across.sks in Resources */,
				A2E9BE6022743FCA00F9CCAD /* Lava.sks in Resources */,
			);
			runOnlyForDeploymentPostprocessing = 0;
		};
/* End PBXResourcesBuildPhase section */

/* Begin PBXSourcesBuildPhase section */
		A22DB3462268612900FD825F /* Sources */ = {
			isa = PBXSourcesBuildPhase;
			buildActionMask = 2147483647;
			files = (
				A2E9BE4E22740A7900F9CCAD /* Playing.swift in Sources */,
				A2E9BE5022741B1600F9CCAD /* GameOver.swift in Sources */,
				A22DB3782268772000FD825F /* CGVector+Extensions.swift in Sources */,
				A2E9BE5C2274238400F9CCAD /* Dead.swift in Sources */,
				A22DB3822268772000FD825F /* CGFloat+Extensions.swift in Sources */,
				A2E9BE582274230E00F9CCAD /* Fall.swift in Sources */,
				A22DB37F2268772000FD825F /* SKTEffects.swift in Sources */,
				A22DB3542268612900FD825F /* GameScene.swift in Sources */,
				A22DB37C2268772000FD825F /* SKAction+SpecialEffects.swift in Sources */,
				A22DB3802268772000FD825F /* SKTAudio.swift in Sources */,
				A22DB37A2268772000FD825F /* SKTTimingFunctions.swift in Sources */,
				A22DB3812268772000FD825F /* Vector3.swift in Sources */,
				A22DB37B2268772000FD825F /* SKAction+Extensions.swift in Sources */,
				A2E9BE54227420CD00F9CCAD /* Idle.swift in Sources */,
				A22DB3562268612900FD825F /* GameViewController.swift in Sources */,
				A2E9BE4C2274056E00F9CCAD /* WaitingForBomb.swift in Sources */,
				A22DB3792268772000FD825F /* Int+Extensions.swift in Sources */,
				A22DB37E2268772000FD825F /* CGPoint+Extensions.swift in Sources */,
				A22DB37D2268772000FD825F /* SKNode+Extensions.swift in Sources */,
				A2E9BE4A227400C800F9CCAD /* WaitingForTap.swift in Sources */,
				A2E9BE562274220200F9CCAD /* Jump.swift in Sources */,
				A22DB34E2268612900FD825F /* AppDelegate.swift in Sources */,
				A2E9BE5A2274234600F9CCAD /* Lava.swift in Sources */,
				A22DB3772268772000FD825F /* SKColor+Extensions.swift in Sources */,
			);
			runOnlyForDeploymentPostprocessing = 0;
		};
/* End PBXSourcesBuildPhase section */

/* Begin PBXVariantGroup section */
		A22DB3572268612900FD825F /* Main.storyboard */ = {
			isa = PBXVariantGroup;
			children = (
				A22DB3582268612900FD825F /* Base */,
			);
			name = Main.storyboard;
			sourceTree = "<group>";
		};
		A22DB35C2268612D00FD825F /* LaunchScreen.storyboard */ = {
			isa = PBXVariantGroup;
			children = (
				A22DB35D2268612D00FD825F /* Base */,
			);
			name = LaunchScreen.storyboard;
			sourceTree = "<group>";
		};
/* End PBXVariantGroup section */

/* Begin XCBuildConfiguration section */
		A22DB3602268612D00FD825F /* Debug */ = {
			isa = XCBuildConfiguration;
			buildSettings = {
				ALWAYS_SEARCH_USER_PATHS = NO;
				CLANG_ANALYZER_NONNULL = YES;
				CLANG_ANALYZER_NUMBER_OBJECT_CONVERSION = YES_AGGRESSIVE;
				CLANG_CXX_LANGUAGE_STANDARD = "gnu++14";
				CLANG_CXX_LIBRARY = "libc++";
				CLANG_ENABLE_MODULES = YES;
				CLANG_ENABLE_OBJC_ARC = YES;
				CLANG_ENABLE_OBJC_WEAK = YES;
				CLANG_WARN_BLOCK_CAPTURE_AUTORELEASING = YES;
				CLANG_WARN_BOOL_CONVERSION = YES;
				CLANG_WARN_COMMA = YES;
				CLANG_WARN_CONSTANT_CONVERSION = YES;
				CLANG_WARN_DEPRECATED_OBJC_IMPLEMENTATIONS = YES;
				CLANG_WARN_DIRECT_OBJC_ISA_USAGE = YES_ERROR;
				CLANG_WARN_DOCUMENTATION_COMMENTS = YES;
				CLANG_WARN_EMPTY_BODY = YES;
				CLANG_WARN_ENUM_CONVERSION = YES;
				CLANG_WARN_INFINITE_RECURSION = YES;
				CLANG_WARN_INT_CONVERSION = YES;
				CLANG_WARN_NON_LITERAL_NULL_CONVERSION = YES;
				CLANG_WARN_OBJC_IMPLICIT_RETAIN_SELF = YES;
				CLANG_WARN_OBJC_LITERAL_CONVERSION = YES;
				CLANG_WARN_OBJC_ROOT_CLASS = YES_ERROR;
				CLANG_WARN_RANGE_LOOP_ANALYSIS = YES;
				CLANG_WARN_STRICT_PROTOTYPES = YES;
				CLANG_WARN_SUSPICIOUS_MOVE = YES;
				CLANG_WARN_UNGUARDED_AVAILABILITY = YES_AGGRESSIVE;
				CLANG_WARN_UNREACHABLE_CODE = YES;
				CLANG_WARN__DUPLICATE_METHOD_MATCH = YES;
				CODE_SIGN_IDENTITY = "iPhone Developer";
				COPY_PHASE_STRIP = NO;
				DEBUG_INFORMATION_FORMAT = dwarf;
				ENABLE_STRICT_OBJC_MSGSEND = YES;
				ENABLE_TESTABILITY = YES;
				GCC_C_LANGUAGE_STANDARD = gnu11;
				GCC_DYNAMIC_NO_PIC = NO;
				GCC_NO_COMMON_BLOCKS = YES;
				GCC_OPTIMIZATION_LEVEL = 0;
				GCC_PREPROCESSOR_DEFINITIONS = (
					"DEBUG=1",
					"$(inherited)",
				);
				GCC_WARN_64_TO_32_BIT_CONVERSION = YES;
				GCC_WARN_ABOUT_RETURN_TYPE = YES_ERROR;
				GCC_WARN_UNDECLARED_SELECTOR = YES;
				GCC_WARN_UNINITIALIZED_AUTOS = YES_AGGRESSIVE;
				GCC_WARN_UNUSED_FUNCTION = YES;
				GCC_WARN_UNUSED_VARIABLE = YES;
				IPHONEOS_DEPLOYMENT_TARGET = 12.2;
				MTL_ENABLE_DEBUG_INFO = INCLUDE_SOURCE;
				MTL_FAST_MATH = YES;
				ONLY_ACTIVE_ARCH = YES;
				SDKROOT = iphoneos;
				SWIFT_ACTIVE_COMPILATION_CONDITIONS = DEBUG;
				SWIFT_OPTIMIZATION_LEVEL = "-Onone";
			};
			name = Debug;
		};
		A22DB3612268612D00FD825F /* Release */ = {
			isa = XCBuildConfiguration;
			buildSettings = {
				ALWAYS_SEARCH_USER_PATHS = NO;
				CLANG_ANALYZER_NONNULL = YES;
				CLANG_ANALYZER_NUMBER_OBJECT_CONVERSION = YES_AGGRESSIVE;
				CLANG_CXX_LANGUAGE_STANDARD = "gnu++14";
				CLANG_CXX_LIBRARY = "libc++";
				CLANG_ENABLE_MODULES = YES;
				CLANG_ENABLE_OBJC_ARC = YES;
				CLANG_ENABLE_OBJC_WEAK = YES;
				CLANG_WARN_BLOCK_CAPTURE_AUTORELEASING = YES;
				CLANG_WARN_BOOL_CONVERSION = YES;
				CLANG_WARN_COMMA = YES;
				CLANG_WARN_CONSTANT_CONVERSION = YES;
				CLANG_WARN_DEPRECATED_OBJC_IMPLEMENTATIONS = YES;
				CLANG_WARN_DIRECT_OBJC_ISA_USAGE = YES_ERROR;
				CLANG_WARN_DOCUMENTATION_COMMENTS = YES;
				CLANG_WARN_EMPTY_BODY = YES;
				CLANG_WARN_ENUM_CONVERSION = YES;
				CLANG_WARN_INFINITE_RECURSION = YES;
				CLANG_WARN_INT_CONVERSION = YES;
				CLANG_WARN_NON_LITERAL_NULL_CONVERSION = YES;
				CLANG_WARN_OBJC_IMPLICIT_RETAIN_SELF = YES;
				CLANG_WARN_OBJC_LITERAL_CONVERSION = YES;
				CLANG_WARN_OBJC_ROOT_CLASS = YES_ERROR;
				CLANG_WARN_RANGE_LOOP_ANALYSIS = YES;
				CLANG_WARN_STRICT_PROTOTYPES = YES;
				CLANG_WARN_SUSPICIOUS_MOVE = YES;
				CLANG_WARN_UNGUARDED_AVAILABILITY = YES_AGGRESSIVE;
				CLANG_WARN_UNREACHABLE_CODE = YES;
				CLANG_WARN__DUPLICATE_METHOD_MATCH = YES;
				CODE_SIGN_IDENTITY = "iPhone Developer";
				COPY_PHASE_STRIP = NO;
				DEBUG_INFORMATION_FORMAT = "dwarf-with-dsym";
				ENABLE_NS_ASSERTIONS = NO;
				ENABLE_STRICT_OBJC_MSGSEND = YES;
				GCC_C_LANGUAGE_STANDARD = gnu11;
				GCC_NO_COMMON_BLOCKS = YES;
				GCC_WARN_64_TO_32_BIT_CONVERSION = YES;
				GCC_WARN_ABOUT_RETURN_TYPE = YES_ERROR;
				GCC_WARN_UNDECLARED_SELECTOR = YES;
				GCC_WARN_UNINITIALIZED_AUTOS = YES_AGGRESSIVE;
				GCC_WARN_UNUSED_FUNCTION = YES;
				GCC_WARN_UNUSED_VARIABLE = YES;
				IPHONEOS_DEPLOYMENT_TARGET = 12.2;
				MTL_ENABLE_DEBUG_INFO = NO;
				MTL_FAST_MATH = YES;
				SDKROOT = iphoneos;
				SWIFT_COMPILATION_MODE = wholemodule;
				SWIFT_OPTIMIZATION_LEVEL = "-O";
				VALIDATE_PRODUCT = YES;
			};
			name = Release;
		};
		A22DB3632268612D00FD825F /* Debug */ = {
			isa = XCBuildConfiguration;
			buildSettings = {
				ASSETCATALOG_COMPILER_APPICON_NAME = AppIcon;
				CODE_SIGN_STYLE = Automatic;
				DEVELOPMENT_TEAM = 7Q78R5L39S;
				INFOPLIST_FILE = DropCharge/Info.plist;
				IPHONEOS_DEPLOYMENT_TARGET = 9.0;
				LD_RUNPATH_SEARCH_PATHS = (
					"$(inherited)",
					"@executable_path/Frameworks",
				);
				PRODUCT_BUNDLE_IDENTIFIER = Sprite.DropCharge;
				PRODUCT_NAME = "$(TARGET_NAME)";
				SWIFT_VERSION = 5.0;
				TARGETED_DEVICE_FAMILY = "1,2";
			};
			name = Debug;
		};
		A22DB3642268612D00FD825F /* Release */ = {
			isa = XCBuildConfiguration;
			buildSettings = {
				ASSETCATALOG_COMPILER_APPICON_NAME = AppIcon;
				CODE_SIGN_STYLE = Automatic;
				DEVELOPMENT_TEAM = 7Q78R5L39S;
				INFOPLIST_FILE = DropCharge/Info.plist;
				IPHONEOS_DEPLOYMENT_TARGET = 9.0;
				LD_RUNPATH_SEARCH_PATHS = (
					"$(inherited)",
					"@executable_path/Frameworks",
				);
				PRODUCT_BUNDLE_IDENTIFIER = Sprite.DropCharge;
				PRODUCT_NAME = "$(TARGET_NAME)";
				SWIFT_VERSION = 5.0;
				TARGETED_DEVICE_FAMILY = "1,2";
			};
			name = Release;
		};
/* End XCBuildConfiguration section */

/* Begin XCConfigurationList section */
		A22DB3452268612900FD825F /* Build configuration list for PBXProject "DropCharge" */ = {
			isa = XCConfigurationList;
			buildConfigurations = (
				A22DB3602268612D00FD825F /* Debug */,
				A22DB3612268612D00FD825F /* Release */,
			);
			defaultConfigurationIsVisible = 0;
			defaultConfigurationName = Release;
		};
		A22DB3622268612D00FD825F /* Build configuration list for PBXNativeTarget "DropCharge" */ = {
			isa = XCConfigurationList;
			buildConfigurations = (
				A22DB3632268612D00FD825F /* Debug */,
				A22DB3642268612D00FD825F /* Release */,
			);
			defaultConfigurationIsVisible = 0;
			defaultConfigurationName = Release;
		};
/* End XCConfigurationList section */
	};
	rootObject = A22DB3422268612900FD825F /* Project object */;
}
